// !$*UTF8*$!
{
	archiveVersion = 1;
	classes = {
	};
	objectVersion = 50;
	objects = {

/* Begin PBXBuildFile section */
		7548683C21091FAB00627971 /* AppDelegate.swift in Sources */ = {isa = PBXBuildFile; fileRef = 7548683B21091FAB00627971 /* AppDelegate.swift */; };
		7548683E21091FAB00627971 /* ViewController.swift in Sources */ = {isa = PBXBuildFile; fileRef = 7548683D21091FAB00627971 /* ViewController.swift */; };
		7548684121091FAB00627971 /* Main.storyboard in Resources */ = {isa = PBXBuildFile; fileRef = 7548683F21091FAB00627971 /* Main.storyboard */; };
		7548684421091FAB00627971 /* Emoji_Tracker.xcdatamodeld in Sources */ = {isa = PBXBuildFile; fileRef = 7548684221091FAB00627971 /* Emoji_Tracker.xcdatamodeld */; };
		7548684621091FAC00627971 /* Assets.xcassets in Resources */ = {isa = PBXBuildFile; fileRef = 7548684521091FAC00627971 /* Assets.xcassets */; };
		7548684921091FAC00627971 /* LaunchScreen.storyboard in Resources */ = {isa = PBXBuildFile; fileRef = 7548684721091FAC00627971 /* LaunchScreen.storyboard */; };
		754868522109599000627971 /* Lobster-Regular.ttf in Resources */ = {isa = PBXBuildFile; fileRef = 754868512109599000627971 /* Lobster-Regular.ttf */; };
		75486858210A5D0200627971 /* SwipingPages.swift in Sources */ = {isa = PBXBuildFile; fileRef = 75486857210A5D0200627971 /* SwipingPages.swift */; };
		75B354CA210B6C6E00233922 /* Tracker.swift in Sources */ = {isa = PBXBuildFile; fileRef = 75B354C9210B6C6E00233922 /* Tracker.swift */; };
/* End PBXBuildFile section */

/* Begin PBXFileReference section */
		7548683821091FAB00627971 /* Emoji Tracker.app */ = {isa = PBXFileReference; explicitFileType = wrapper.application; includeInIndex = 0; path = "Emoji Tracker.app"; sourceTree = BUILT_PRODUCTS_DIR; };
		7548683B21091FAB00627971 /* AppDelegate.swift */ = {isa = PBXFileReference; lastKnownFileType = sourcecode.swift; path = AppDelegate.swift; sourceTree = "<group>"; };
		7548683D21091FAB00627971 /* ViewController.swift */ = {isa = PBXFileReference; lastKnownFileType = sourcecode.swift; path = ViewController.swift; sourceTree = "<group>"; };
		7548684021091FAB00627971 /* Base */ = {isa = PBXFileReference; lastKnownFileType = file.storyboard; name = Base; path = Base.lproj/Main.storyboard; sourceTree = "<group>"; };
		7548684321091FAB00627971 /* Emoji_Tracker.xcdatamodel */ = {isa = PBXFileReference; lastKnownFileType = wrapper.xcdatamodel; path = Emoji_Tracker.xcdatamodel; sourceTree = "<group>"; };
		7548684521091FAC00627971 /* Assets.xcassets */ = {isa = PBXFileReference; lastKnownFileType = folder.assetcatalog; path = Assets.xcassets; sourceTree = "<group>"; };
		7548684821091FAC00627971 /* Base */ = {isa = PBXFileReference; lastKnownFileType = file.storyboard; name = Base; path = Base.lproj/LaunchScreen.storyboard; sourceTree = "<group>"; };
		7548684A21091FAC00627971 /* Info.plist */ = {isa = PBXFileReference; lastKnownFileType = text.plist.xml; path = Info.plist; sourceTree = "<group>"; };
		754868512109599000627971 /* Lobster-Regular.ttf */ = {isa = PBXFileReference; lastKnownFileType = file; path = "Lobster-Regular.ttf"; sourceTree = "<group>"; };
		75486857210A5D0200627971 /* SwipingPages.swift */ = {isa = PBXFileReference; lastKnownFileType = sourcecode.swift; path = SwipingPages.swift; sourceTree = "<group>"; };
		75B354C9210B6C6E00233922 /* Tracker.swift */ = {isa = PBXFileReference; lastKnownFileType = sourcecode.swift; path = Tracker.swift; sourceTree = "<group>"; };
/* End PBXFileReference section */

/* Begin PBXFrameworksBuildPhase section */
		7548683521091FAB00627971 /* Frameworks */ = {
			isa = PBXFrameworksBuildPhase;
			buildActionMask = 2147483647;
			files = (
			);
			runOnlyForDeploymentPostprocessing = 0;
		};
/* End PBXFrameworksBuildPhase section */

/* Begin PBXGroup section */
		753A2A90210B732E00EE9982 /* Data Model */ = {
			isa = PBXGroup;
			children = (
				75B354C9210B6C6E00233922 /* Tracker.swift */,
			);
			path = "Data Model";
			sourceTree = "<group>";
		};
		7548682F21091FAB00627971 = {
			isa = PBXGroup;
			children = (
				7548683A21091FAB00627971 /* Emoji Tracker */,
				7548683921091FAB00627971 /* Products */,
			);
			sourceTree = "<group>";
		};
		7548683921091FAB00627971 /* Products */ = {
			isa = PBXGroup;
			children = (
				7548683821091FAB00627971 /* Emoji Tracker.app */,
			);
			name = Products;
			sourceTree = "<group>";
		};
		7548683A21091FAB00627971 /* Emoji Tracker */ = {
			isa = PBXGroup;
			children = (
				7548683B21091FAB00627971 /* AppDelegate.swift */,
				7548683D21091FAB00627971 /* ViewController.swift */,
				75486857210A5D0200627971 /* SwipingPages.swift */,
				7548683F21091FAB00627971 /* Main.storyboard */,
				7548684721091FAC00627971 /* LaunchScreen.storyboard */,
				753A2A90210B732E00EE9982 /* Data Model */,
				7548684221091FAB00627971 /* Emoji_Tracker.xcdatamodeld */,
				7548684521091FAC00627971 /* Assets.xcassets */,
				7548684A21091FAC00627971 /* Info.plist */,
				754868502109596C00627971 /* fonts */,
			);
			path = "Emoji Tracker";
			sourceTree = "<group>";
		};
		754868502109596C00627971 /* fonts */ = {
			isa = PBXGroup;
			children = (
				754868512109599000627971 /* Lobster-Regular.ttf */,
			);
			path = fonts;
			sourceTree = "<group>";
		};
/* End PBXGroup section */

/* Begin PBXNativeTarget section */
		7548683721091FAB00627971 /* Emoji Tracker */ = {
			isa = PBXNativeTarget;
			buildConfigurationList = 7548684D21091FAC00627971 /* Build configuration list for PBXNativeTarget "Emoji Tracker" */;
			buildPhases = (
				7548683421091FAB00627971 /* Sources */,
				7548683521091FAB00627971 /* Frameworks */,
				7548683621091FAB00627971 /* Resources */,
			);
			buildRules = (
			);
			dependencies = (
			);
			name = "Emoji Tracker";
			productName = "Emoji Tracker";
			productReference = 7548683821091FAB00627971 /* Emoji Tracker.app */;
			productType = "com.apple.product-type.application";
		};
/* End PBXNativeTarget section */

/* Begin PBXProject section */
		7548683021091FAB00627971 /* Project object */ = {
			isa = PBXProject;
			attributes = {
				LastSwiftUpdateCheck = 0940;
				LastUpgradeCheck = 0940;
				ORGANIZATIONNAME = "Ula Kuczynska";
				TargetAttributes = {
					7548683721091FAB00627971 = {
						CreatedOnToolsVersion = 9.4.1;
					};
				};
			};
			buildConfigurationList = 7548683321091FAB00627971 /* Build configuration list for PBXProject "Emoji Tracker" */;
			compatibilityVersion = "Xcode 9.3";
			developmentRegion = en;
			hasScannedForEncodings = 0;
			knownRegions = (
				en,
				Base,
			);
			mainGroup = 7548682F21091FAB00627971;
			productRefGroup = 7548683921091FAB00627971 /* Products */;
			projectDirPath = "";
			projectRoot = "";
			targets = (
				7548683721091FAB00627971 /* Emoji Tracker */,
			);
		};
/* End PBXProject section */

/* Begin PBXResourcesBuildPhase section */
		7548683621091FAB00627971 /* Resources */ = {
			isa = PBXResourcesBuildPhase;
			buildActionMask = 2147483647;
			files = (
				7548684921091FAC00627971 /* LaunchScreen.storyboard in Resources */,
				754868522109599000627971 /* Lobster-Regular.ttf in Resources */,
				7548684621091FAC00627971 /* Assets.xcassets in Resources */,
				7548684121091FAB00627971 /* Main.storyboard in Resources */,
			);
			runOnlyForDeploymentPostprocessing = 0;
		};
/* End PBXResourcesBuildPhase section */

/* Begin PBXSourcesBuildPhase section */
		7548683421091FAB00627971 /* Sources */ = {
			isa = PBXSourcesBuildPhase;
			buildActionMask = 2147483647;
			files = (
				7548683E21091FAB00627971 /* ViewController.swift in Sources */,
				7548684421091FAB00627971 /* Emoji_Tracker.xcdatamodeld in Sources */,
				75B354CA210B6C6E00233922 /* Tracker.swift in Sources */,
				75486858210A5D0200627971 /* SwipingPages.swift in Sources */,
				7548683C21091FAB00627971 /* AppDelegate.swift in Sources */,
			);
			runOnlyForDeploymentPostprocessing = 0;
		};
/* End PBXSourcesBuildPhase section */

/* Begin PBXVariantGroup section */
		7548683F21091FAB00627971 /* Main.storyboard */ = {
			isa = PBXVariantGroup;
			children = (
				7548684021091FAB00627971 /* Base */,
			);
			name = Main.storyboard;
			sourceTree = "<group>";
		};
		7548684721091FAC00627971 /* LaunchScreen.storyboard */ = {
			isa = PBXVariantGroup;
			children = (
				7548684821091FAC00627971 /* Base */,
			);
			name = LaunchScreen.storyboard;
			sourceTree = "<group>";
		};
/* End PBXVariantGroup section */

/* Begin XCBuildConfiguration section */
		7548684B21091FAC00627971 /* Debug */ = {
			isa = XCBuildConfiguration;
			buildSettings = {
				ALWAYS_SEARCH_USER_PATHS = NO;
				CLANG_ANALYZER_NONNULL = YES;
				CLANG_ANALYZER_NUMBER_OBJECT_CONVERSION = YES_AGGRESSIVE;
				CLANG_CXX_LANGUAGE_STANDARD = "gnu++14";
				CLANG_CXX_LIBRARY = "libc++";
				CLANG_ENABLE_MODULES = YES;
				CLANG_ENABLE_OBJC_ARC = YES;
				CLANG_ENABLE_OBJC_WEAK = YES;
				CLANG_WARN_BLOCK_CAPTURE_AUTORELEASING = YES;
				CLANG_WARN_BOOL_CONVERSION = YES;
				CLANG_WARN_COMMA = YES;
				CLANG_WARN_CONSTANT_CONVERSION = YES;
				CLANG_WARN_DEPRECATED_OBJC_IMPLEMENTATIONS = YES;
				CLANG_WARN_DIRECT_OBJC_ISA_USAGE = YES_ERROR;
				CLANG_WARN_DOCUMENTATION_COMMENTS = YES;
				CLANG_WARN_EMPTY_BODY = YES;
				CLANG_WARN_ENUM_CONVERSION = YES;
				CLANG_WARN_INFINITE_RECURSION = YES;
				CLANG_WARN_INT_CONVERSION = YES;
				CLANG_WARN_NON_LITERAL_NULL_CONVERSION = YES;
				CLANG_WARN_OBJC_IMPLICIT_RETAIN_SELF = YES;
				CLANG_WARN_OBJC_LITERAL_CONVERSION = YES;
				CLANG_WARN_OBJC_ROOT_CLASS = YES_ERROR;
				CLANG_WARN_RANGE_LOOP_ANALYSIS = YES;
				CLANG_WARN_STRICT_PROTOTYPES = YES;
				CLANG_WARN_SUSPICIOUS_MOVE = YES;
				CLANG_WARN_UNGUARDED_AVAILABILITY = YES_AGGRESSIVE;
				CLANG_WARN_UNREACHABLE_CODE = YES;
				CLANG_WARN__DUPLICATE_METHOD_MATCH = YES;
				CODE_SIGN_IDENTITY = "iPhone Developer";
				COPY_PHASE_STRIP = NO;
				DEBUG_INFORMATION_FORMAT = dwarf;
				ENABLE_STRICT_OBJC_MSGSEND = YES;
				ENABLE_TESTABILITY = YES;
				GCC_C_LANGUAGE_STANDARD = gnu11;
				GCC_DYNAMIC_NO_PIC = NO;
				GCC_NO_COMMON_BLOCKS = YES;
				GCC_OPTIMIZATION_LEVEL = 0;
				GCC_PREPROCESSOR_DEFINITIONS = (
					"DEBUG=1",
					"$(inherited)",
				);
				GCC_WARN_64_TO_32_BIT_CONVERSION = YES;
				GCC_WARN_ABOUT_RETURN_TYPE = YES_ERROR;
				GCC_WARN_UNDECLARED_SELECTOR = YES;
				GCC_WARN_UNINITIALIZED_AUTOS = YES_AGGRESSIVE;
				GCC_WARN_UNUSED_FUNCTION = YES;
				GCC_WARN_UNUSED_VARIABLE = YES;
				IPHONEOS_DEPLOYMENT_TARGET = 11.4;
				MTL_ENABLE_DEBUG_INFO = YES;
				ONLY_ACTIVE_ARCH = YES;
				SDKROOT = iphoneos;
				SWIFT_ACTIVE_COMPILATION_CONDITIONS = DEBUG;
				SWIFT_OPTIMIZATION_LEVEL = "-Onone";
			};
			name = Debug;
		};
		7548684C21091FAC00627971 /* Release */ = {
			isa = XCBuildConfiguration;
			buildSettings = {
				ALWAYS_SEARCH_USER_PATHS = NO;
				CLANG_ANALYZER_NONNULL = YES;
				CLANG_ANALYZER_NUMBER_OBJECT_CONVERSION = YES_AGGRESSIVE;
				CLANG_CXX_LANGUAGE_STANDARD = "gnu++14";
				CLANG_CXX_LIBRARY = "libc++";
				CLANG_ENABLE_MODULES = YES;
				CLANG_ENABLE_OBJC_ARC = YES;
				CLANG_ENABLE_OBJC_WEAK = YES;
				CLANG_WARN_BLOCK_CAPTURE_AUTORELEASING = YES;
				CLANG_WARN_BOOL_CONVERSION = YES;
				CLANG_WARN_COMMA = YES;
				CLANG_WARN_CONSTANT_CONVERSION = YES;
				CLANG_WARN_DEPRECATED_OBJC_IMPLEMENTATIONS = YES;
				CLANG_WARN_DIRECT_OBJC_ISA_USAGE = YES_ERROR;
				CLANG_WARN_DOCUMENTATION_COMMENTS = YES;
				CLANG_WARN_EMPTY_BODY = YES;
				CLANG_WARN_ENUM_CONVERSION = YES;
				CLANG_WARN_INFINITE_RECURSION = YES;
				CLANG_WARN_INT_CONVERSION = YES;
				CLANG_WARN_NON_LITERAL_NULL_CONVERSION = YES;
				CLANG_WARN_OBJC_IMPLICIT_RETAIN_SELF = YES;
				CLANG_WARN_OBJC_LITERAL_CONVERSION = YES;
				CLANG_WARN_OBJC_ROOT_CLASS = YES_ERROR;
				CLANG_WARN_RANGE_LOOP_ANALYSIS = YES;
				CLANG_WARN_STRICT_PROTOTYPES = YES;
				CLANG_WARN_SUSPICIOUS_MOVE = YES;
				CLANG_WARN_UNGUARDED_AVAILABILITY = YES_AGGRESSIVE;
				CLANG_WARN_UNREACHABLE_CODE = YES;
				CLANG_WARN__DUPLICATE_METHOD_MATCH = YES;
				CODE_SIGN_IDENTITY = "iPhone Developer";
				COPY_PHASE_STRIP = NO;
				DEBUG_INFORMATION_FORMAT = "dwarf-with-dsym";
				ENABLE_NS_ASSERTIONS = NO;
				ENABLE_STRICT_OBJC_MSGSEND = YES;
				GCC_C_LANGUAGE_STANDARD = gnu11;
				GCC_NO_COMMON_BLOCKS = YES;
				GCC_WARN_64_TO_32_BIT_CONVERSION = YES;
				GCC_WARN_ABOUT_RETURN_TYPE = YES_ERROR;
				GCC_WARN_UNDECLARED_SELECTOR = YES;
				GCC_WARN_UNINITIALIZED_AUTOS = YES_AGGRESSIVE;
				GCC_WARN_UNUSED_FUNCTION = YES;
				GCC_WARN_UNUSED_VARIABLE = YES;
				IPHONEOS_DEPLOYMENT_TARGET = 11.4;
				MTL_ENABLE_DEBUG_INFO = NO;
				SDKROOT = iphoneos;
				SWIFT_COMPILATION_MODE = wholemodule;
				SWIFT_OPTIMIZATION_LEVEL = "-O";
				VALIDATE_PRODUCT = YES;
			};
			name = Release;
		};
		7548684E21091FAC00627971 /* Debug */ = {
			isa = XCBuildConfiguration;
			buildSettings = {
				ASSETCATALOG_COMPILER_APPICON_NAME = AppIcon;
				CODE_SIGN_STYLE = Automatic;
				DEVELOPMENT_TEAM = K8K5PU6JMC;
				INFOPLIST_FILE = "Emoji Tracker/Info.plist";
				LD_RUNPATH_SEARCH_PATHS = (
					"$(inherited)",
					"@executable_path/Frameworks",
				);
				PRODUCT_BUNDLE_IDENTIFIER = "com.ulakuczynska.Emoji-Tracker";
				PRODUCT_NAME = "$(TARGET_NAME)";
				SWIFT_VERSION = 4.0;
				TARGETED_DEVICE_FAMILY = "1,2";
			};
			name = Debug;
		};
		7548684F21091FAC00627971 /* Release */ = {
			isa = XCBuildConfiguration;
			buildSettings = {
				ASSETCATALOG_COMPILER_APPICON_NAME = AppIcon;
				CODE_SIGN_STYLE = Automatic;
				DEVELOPMENT_TEAM = K8K5PU6JMC;
				INFOPLIST_FILE = "Emoji Tracker/Info.plist";
				LD_RUNPATH_SEARCH_PATHS = (
					"$(inherited)",
					"@executable_path/Frameworks",
				);
				PRODUCT_BUNDLE_IDENTIFIER = "com.ulakuczynska.Emoji-Tracker";
				PRODUCT_NAME = "$(TARGET_NAME)";
				SWIFT_VERSION = 4.0;
				TARGETED_DEVICE_FAMILY = "1,2";
			};
			name = Release;
		};
/* End XCBuildConfiguration section */

/* Begin XCConfigurationList section */
		7548683321091FAB00627971 /* Build configuration list for PBXProject "Emoji Tracker" */ = {
			isa = XCConfigurationList;
			buildConfigurations = (
				7548684B21091FAC00627971 /* Debug */,
				7548684C21091FAC00627971 /* Release */,
			);
			defaultConfigurationIsVisible = 0;
			defaultConfigurationName = Release;
		};
		7548684D21091FAC00627971 /* Build configuration list for PBXNativeTarget "Emoji Tracker" */ = {
			isa = XCConfigurationList;
			buildConfigurations = (
				7548684E21091FAC00627971 /* Debug */,
				7548684F21091FAC00627971 /* Release */,
			);
			defaultConfigurationIsVisible = 0;
			defaultConfigurationName = Release;
		};
/* End XCConfigurationList section */

/* Begin XCVersionGroup section */
		7548684221091FAB00627971 /* Emoji_Tracker.xcdatamodeld */ = {
			isa = XCVersionGroup;
			children = (
				7548684321091FAB00627971 /* Emoji_Tracker.xcdatamodel */,
			);
			currentVersion = 7548684321091FAB00627971 /* Emoji_Tracker.xcdatamodel */;
			path = Emoji_Tracker.xcdatamodeld;
			sourceTree = "<group>";
			versionGroupType = wrapper.xcdatamodel;
		};
/* End XCVersionGroup section */
	};
	rootObject = 7548683021091FAB00627971 /* Project object */;
}
